// !$*UTF8*$!
{
	archiveVersion = 1;
	classes = {
	};
	objectVersion = 50;
	objects = {

/* Begin PBXBuildFile section */
		2EB711F350E47CC41D28CEA0 /* libPods-PurpleTeethTimer.a in Frameworks */ = {isa = PBXBuildFile; fileRef = F6FA5FDF50FA8F0B53F29CE0 /* libPods-PurpleTeethTimer.a */; };
		CEC0679B26420F4F007E79A0 /* SideMenuView.swift in Sources */ = {isa = PBXBuildFile; fileRef = CEC0679A26420F4F007E79A0 /* SideMenuView.swift */; };
		CEC0679D26421132007E79A0 /* SideMenuOption.swift in Sources */ = {isa = PBXBuildFile; fileRef = CEC0679C26421132007E79A0 /* SideMenuOption.swift */; };
		CEC0679F264214D9007E79A0 /* HomeView.swift in Sources */ = {isa = PBXBuildFile; fileRef = CEC0679E264214D9007E79A0 /* HomeView.swift */; };
		CEC067A126421BAB007E79A0 /* TransparentButtonView.swift in Sources */ = {isa = PBXBuildFile; fileRef = CEC067A026421BAB007E79A0 /* TransparentButtonView.swift */; };
		CEC067A62642226E007E79A0 /* SideMenuViewModel.swift in Sources */ = {isa = PBXBuildFile; fileRef = CEC067A52642226E007E79A0 /* SideMenuViewModel.swift */; };
		CEC067A826422A17007E79A0 /* ClassesFuncs.swift in Sources */ = {isa = PBXBuildFile; fileRef = CEC067A726422A17007E79A0 /* ClassesFuncs.swift */; };
		CEC067AA2644541A007E79A0 /* CharityView.swift in Sources */ = {isa = PBXBuildFile; fileRef = CEC067A92644541A007E79A0 /* CharityView.swift */; };
		CEC067AC2644BF72007E79A0 /* TipsView.swift in Sources */ = {isa = PBXBuildFile; fileRef = CEC067AB2644BF72007E79A0 /* TipsView.swift */; };
		CEE21672263B92910056DCE9 /* PurpleTeethTimerApp.swift in Sources */ = {isa = PBXBuildFile; fileRef = CEE21671263B92910056DCE9 /* PurpleTeethTimerApp.swift */; };
		CEE21674263B92910056DCE9 /* ContentView.swift in Sources */ = {isa = PBXBuildFile; fileRef = CEE21673263B92910056DCE9 /* ContentView.swift */; };
		CEE21676263B92920056DCE9 /* Assets.xcassets in Resources */ = {isa = PBXBuildFile; fileRef = CEE21675263B92920056DCE9 /* Assets.xcassets */; };
		CEE21679263B92920056DCE9 /* Preview Assets.xcassets in Resources */ = {isa = PBXBuildFile; fileRef = CEE21678263B92920056DCE9 /* Preview Assets.xcassets */; };
		CEE21681263B92CD0056DCE9 /* TimerView.swift in Sources */ = {isa = PBXBuildFile; fileRef = CEE21680263B92CD0056DCE9 /* TimerView.swift */; };
		CEE21683263B92DD0056DCE9 /* TeethText.swift in Sources */ = {isa = PBXBuildFile; fileRef = CEE21682263B92DD0056DCE9 /* TeethText.swift */; };
		CEE21685263B92E80056DCE9 /* TeethBackground.swift in Sources */ = {isa = PBXBuildFile; fileRef = CEE21684263B92E80056DCE9 /* TeethBackground.swift */; };
		CEE21687263B92F60056DCE9 /* AdBanner.swift in Sources */ = {isa = PBXBuildFile; fileRef = CEE21686263B92F60056DCE9 /* AdBanner.swift */; };
		CEE21689263B930E0056DCE9 /* AdBannerTimer.swift in Sources */ = {isa = PBXBuildFile; fileRef = CEE21688263B930E0056DCE9 /* AdBannerTimer.swift */; };
/* End PBXBuildFile section */

/* Begin PBXFileReference section */
		BC094E48BDBA0071D2C3B44E /* Pods-PurpleTeethTimer.debug.xcconfig */ = {isa = PBXFileReference; includeInIndex = 1; lastKnownFileType = text.xcconfig; name = "Pods-PurpleTeethTimer.debug.xcconfig"; path = "Target Support Files/Pods-PurpleTeethTimer/Pods-PurpleTeethTimer.debug.xcconfig"; sourceTree = "<group>"; };
		CEC0679A26420F4F007E79A0 /* SideMenuView.swift */ = {isa = PBXFileReference; lastKnownFileType = sourcecode.swift; path = SideMenuView.swift; sourceTree = "<group>"; };
		CEC0679C26421132007E79A0 /* SideMenuOption.swift */ = {isa = PBXFileReference; lastKnownFileType = sourcecode.swift; path = SideMenuOption.swift; sourceTree = "<group>"; };
		CEC0679E264214D9007E79A0 /* HomeView.swift */ = {isa = PBXFileReference; lastKnownFileType = sourcecode.swift; path = HomeView.swift; sourceTree = "<group>"; };
		CEC067A026421BAB007E79A0 /* TransparentButtonView.swift */ = {isa = PBXFileReference; lastKnownFileType = sourcecode.swift; path = TransparentButtonView.swift; sourceTree = "<group>"; };
		CEC067A52642226E007E79A0 /* SideMenuViewModel.swift */ = {isa = PBXFileReference; lastKnownFileType = sourcecode.swift; path = SideMenuViewModel.swift; sourceTree = "<group>"; };
		CEC067A726422A17007E79A0 /* ClassesFuncs.swift */ = {isa = PBXFileReference; lastKnownFileType = sourcecode.swift; path = ClassesFuncs.swift; sourceTree = "<group>"; };
		CEC067A92644541A007E79A0 /* CharityView.swift */ = {isa = PBXFileReference; lastKnownFileType = sourcecode.swift; path = CharityView.swift; sourceTree = "<group>"; };
		CEC067AB2644BF72007E79A0 /* TipsView.swift */ = {isa = PBXFileReference; lastKnownFileType = sourcecode.swift; path = TipsView.swift; sourceTree = "<group>"; };
		CEE2166E263B92910056DCE9 /* PurpleTeethTimer.app */ = {isa = PBXFileReference; explicitFileType = wrapper.application; includeInIndex = 0; path = PurpleTeethTimer.app; sourceTree = BUILT_PRODUCTS_DIR; };
		CEE21671263B92910056DCE9 /* PurpleTeethTimerApp.swift */ = {isa = PBXFileReference; lastKnownFileType = sourcecode.swift; path = PurpleTeethTimerApp.swift; sourceTree = "<group>"; };
		CEE21673263B92910056DCE9 /* ContentView.swift */ = {isa = PBXFileReference; lastKnownFileType = sourcecode.swift; path = ContentView.swift; sourceTree = "<group>"; };
		CEE21675263B92920056DCE9 /* Assets.xcassets */ = {isa = PBXFileReference; lastKnownFileType = folder.assetcatalog; path = Assets.xcassets; sourceTree = "<group>"; };
		CEE21678263B92920056DCE9 /* Preview Assets.xcassets */ = {isa = PBXFileReference; lastKnownFileType = folder.assetcatalog; path = "Preview Assets.xcassets"; sourceTree = "<group>"; };
		CEE2167A263B92920056DCE9 /* Info.plist */ = {isa = PBXFileReference; lastKnownFileType = text.plist.xml; path = Info.plist; sourceTree = "<group>"; };
		CEE21680263B92CD0056DCE9 /* TimerView.swift */ = {isa = PBXFileReference; lastKnownFileType = sourcecode.swift; path = TimerView.swift; sourceTree = "<group>"; };
		CEE21682263B92DD0056DCE9 /* TeethText.swift */ = {isa = PBXFileReference; lastKnownFileType = sourcecode.swift; path = TeethText.swift; sourceTree = "<group>"; };
		CEE21684263B92E80056DCE9 /* TeethBackground.swift */ = {isa = PBXFileReference; lastKnownFileType = sourcecode.swift; path = TeethBackground.swift; sourceTree = "<group>"; };
		CEE21686263B92F60056DCE9 /* AdBanner.swift */ = {isa = PBXFileReference; lastKnownFileType = sourcecode.swift; path = AdBanner.swift; sourceTree = "<group>"; };
		CEE21688263B930E0056DCE9 /* AdBannerTimer.swift */ = {isa = PBXFileReference; lastKnownFileType = sourcecode.swift; path = AdBannerTimer.swift; sourceTree = "<group>"; };
		F6FA5FDF50FA8F0B53F29CE0 /* libPods-PurpleTeethTimer.a */ = {isa = PBXFileReference; explicitFileType = archive.ar; includeInIndex = 0; path = "libPods-PurpleTeethTimer.a"; sourceTree = BUILT_PRODUCTS_DIR; };
		F9AAFA3292E80D727BCF06B1 /* Pods-PurpleTeethTimer.release.xcconfig */ = {isa = PBXFileReference; includeInIndex = 1; lastKnownFileType = text.xcconfig; name = "Pods-PurpleTeethTimer.release.xcconfig"; path = "Target Support Files/Pods-PurpleTeethTimer/Pods-PurpleTeethTimer.release.xcconfig"; sourceTree = "<group>"; };
/* End PBXFileReference section */

/* Begin PBXFrameworksBuildPhase section */
		CEE2166B263B92910056DCE9 /* Frameworks */ = {
			isa = PBXFrameworksBuildPhase;
			buildActionMask = 2147483647;
			files = (
				2EB711F350E47CC41D28CEA0 /* libPods-PurpleTeethTimer.a in Frameworks */,
			);
			runOnlyForDeploymentPostprocessing = 0;
		};
/* End PBXFrameworksBuildPhase section */

/* Begin PBXGroup section */
		6C9E06648218D3D5DDA84438 /* Pods */ = {
			isa = PBXGroup;
			children = (
				BC094E48BDBA0071D2C3B44E /* Pods-PurpleTeethTimer.debug.xcconfig */,
				F9AAFA3292E80D727BCF06B1 /* Pods-PurpleTeethTimer.release.xcconfig */,
			);
			path = Pods;
			sourceTree = "<group>";
		};
		CEC0679526420EB0007E79A0 /* Views */ = {
			isa = PBXGroup;
			children = (
				CEE21673263B92910056DCE9 /* ContentView.swift */,
				CEE21680263B92CD0056DCE9 /* TimerView.swift */,
				CEC0679A26420F4F007E79A0 /* SideMenuView.swift */,
				CEC0679E264214D9007E79A0 /* HomeView.swift */,
				CEC067A92644541A007E79A0 /* CharityView.swift */,
				CEC067AB2644BF72007E79A0 /* TipsView.swift */,
			);
			path = Views;
			sourceTree = "<group>";
		};
		CEC0679626420ED5007E79A0 /* Things */ = {
			isa = PBXGroup;
			children = (
				CEE21682263B92DD0056DCE9 /* TeethText.swift */,
				CEE21684263B92E80056DCE9 /* TeethBackground.swift */,
				CEC0679C26421132007E79A0 /* SideMenuOption.swift */,
				CEC067A026421BAB007E79A0 /* TransparentButtonView.swift */,
			);
			path = Things;
			sourceTree = "<group>";
		};
		CEC0679726420EF0007E79A0 /* Ads */ = {
			isa = PBXGroup;
			children = (
				CEE21686263B92F60056DCE9 /* AdBanner.swift */,
				CEE21688263B930E0056DCE9 /* AdBannerTimer.swift */,
			);
			path = Ads;
			sourceTree = "<group>";
		};
		CEC067A426422255007E79A0 /* ViewModels */ = {
			isa = PBXGroup;
			children = (
				CEC067A52642226E007E79A0 /* SideMenuViewModel.swift */,
			);
			path = ViewModels;
			sourceTree = "<group>";
		};
		CEE21665263B92910056DCE9 = {
			isa = PBXGroup;
			children = (
				CEE21670263B92910056DCE9 /* PurpleTeethTimer */,
				CEE2166F263B92910056DCE9 /* Products */,
				6C9E06648218D3D5DDA84438 /* Pods */,
				E18B6E1A0E3E133D65C79EA3 /* Frameworks */,
			);
			sourceTree = "<group>";
		};
		CEE2166F263B92910056DCE9 /* Products */ = {
			isa = PBXGroup;
			children = (
				CEE2166E263B92910056DCE9 /* PurpleTeethTimer.app */,
			);
			name = Products;
			sourceTree = "<group>";
		};
		CEE21670263B92910056DCE9 /* PurpleTeethTimer */ = {
			isa = PBXGroup;
			children = (
				CEE21671263B92910056DCE9 /* PurpleTeethTimerApp.swift */,
				CEC067A726422A17007E79A0 /* ClassesFuncs.swift */,
				CEC067A426422255007E79A0 /* ViewModels */,
				CEC0679726420EF0007E79A0 /* Ads */,
				CEC0679626420ED5007E79A0 /* Things */,
				CEC0679526420EB0007E79A0 /* Views */,
				CEE21675263B92920056DCE9 /* Assets.xcassets */,
				CEE2167A263B92920056DCE9 /* Info.plist */,
				CEE21677263B92920056DCE9 /* Preview Content */,
			);
			path = PurpleTeethTimer;
			sourceTree = "<group>";
		};
		CEE21677263B92920056DCE9 /* Preview Content */ = {
			isa = PBXGroup;
			children = (
				CEE21678263B92920056DCE9 /* Preview Assets.xcassets */,
			);
			path = "Preview Content";
			sourceTree = "<group>";
		};
		E18B6E1A0E3E133D65C79EA3 /* Frameworks */ = {
			isa = PBXGroup;
			children = (
				F6FA5FDF50FA8F0B53F29CE0 /* libPods-PurpleTeethTimer.a */,
			);
			name = Frameworks;
			sourceTree = "<group>";
		};
/* End PBXGroup section */

/* Begin PBXNativeTarget section */
		CEE2166D263B92910056DCE9 /* PurpleTeethTimer */ = {
			isa = PBXNativeTarget;
			buildConfigurationList = CEE2167D263B92920056DCE9 /* Build configuration list for PBXNativeTarget "PurpleTeethTimer" */;
			buildPhases = (
				2AC026BA067D05064EB4C258 /* [CP] Check Pods Manifest.lock */,
				CEE2166A263B92910056DCE9 /* Sources */,
				CEE2166B263B92910056DCE9 /* Frameworks */,
				CEE2166C263B92910056DCE9 /* Resources */,
			);
			buildRules = (
			);
			dependencies = (
			);
			name = PurpleTeethTimer;
			productName = PurpleTeethTimer;
			productReference = CEE2166E263B92910056DCE9 /* PurpleTeethTimer.app */;
			productType = "com.apple.product-type.application";
		};
/* End PBXNativeTarget section */

/* Begin PBXProject section */
		CEE21666263B92910056DCE9 /* Project object */ = {
			isa = PBXProject;
			attributes = {
				LastSwiftUpdateCheck = 1250;
				LastUpgradeCheck = 1250;
				TargetAttributes = {
					CEE2166D263B92910056DCE9 = {
						CreatedOnToolsVersion = 12.5;
					};
				};
			};
			buildConfigurationList = CEE21669263B92910056DCE9 /* Build configuration list for PBXProject "PurpleTeethTimer" */;
			compatibilityVersion = "Xcode 9.3";
			developmentRegion = en;
			hasScannedForEncodings = 0;
			knownRegions = (
				en,
				Base,
			);
			mainGroup = CEE21665263B92910056DCE9;
			productRefGroup = CEE2166F263B92910056DCE9 /* Products */;
			projectDirPath = "";
			projectRoot = "";
			targets = (
				CEE2166D263B92910056DCE9 /* PurpleTeethTimer */,
			);
		};
/* End PBXProject section */

/* Begin PBXResourcesBuildPhase section */
		CEE2166C263B92910056DCE9 /* Resources */ = {
			isa = PBXResourcesBuildPhase;
			buildActionMask = 2147483647;
			files = (
				CEE21679263B92920056DCE9 /* Preview Assets.xcassets in Resources */,
				CEE21676263B92920056DCE9 /* Assets.xcassets in Resources */,
			);
			runOnlyForDeploymentPostprocessing = 0;
		};
/* End PBXResourcesBuildPhase section */

/* Begin PBXShellScriptBuildPhase section */
		2AC026BA067D05064EB4C258 /* [CP] Check Pods Manifest.lock */ = {
			isa = PBXShellScriptBuildPhase;
			buildActionMask = 2147483647;
			files = (
			);
			inputFileListPaths = (
			);
			inputPaths = (
				"${PODS_PODFILE_DIR_PATH}/Podfile.lock",
				"${PODS_ROOT}/Manifest.lock",
			);
			name = "[CP] Check Pods Manifest.lock";
			outputFileListPaths = (
			);
			outputPaths = (
				"$(DERIVED_FILE_DIR)/Pods-PurpleTeethTimer-checkManifestLockResult.txt",
			);
			runOnlyForDeploymentPostprocessing = 0;
			shellPath = /bin/sh;
			shellScript = "diff \"${PODS_PODFILE_DIR_PATH}/Podfile.lock\" \"${PODS_ROOT}/Manifest.lock\" > /dev/null\nif [ $? != 0 ] ; then\n    # print error to STDERR\n    echo \"error: The sandbox is not in sync with the Podfile.lock. Run 'pod install' or update your CocoaPods installation.\" >&2\n    exit 1\nfi\n# This output is used by Xcode 'outputs' to avoid re-running this script phase.\necho \"SUCCESS\" > \"${SCRIPT_OUTPUT_FILE_0}\"\n";
			showEnvVarsInLog = 0;
		};
/* End PBXShellScriptBuildPhase section */

/* Begin PBXSourcesBuildPhase section */
		CEE2166A263B92910056DCE9 /* Sources */ = {
			isa = PBXSourcesBuildPhase;
			buildActionMask = 2147483647;
			files = (
				CEE21685263B92E80056DCE9 /* TeethBackground.swift in Sources */,
				CEE21689263B930E0056DCE9 /* AdBannerTimer.swift in Sources */,
				CEC0679B26420F4F007E79A0 /* SideMenuView.swift in Sources */,
				CEC067A826422A17007E79A0 /* ClassesFuncs.swift in Sources */,
				CEE21681263B92CD0056DCE9 /* TimerView.swift in Sources */,
				CEC067A62642226E007E79A0 /* SideMenuViewModel.swift in Sources */,
				CEC0679F264214D9007E79A0 /* HomeView.swift in Sources */,
				CEC067A126421BAB007E79A0 /* TransparentButtonView.swift in Sources */,
				CEC067AA2644541A007E79A0 /* CharityView.swift in Sources */,
				CEE21683263B92DD0056DCE9 /* TeethText.swift in Sources */,
				CEC0679D26421132007E79A0 /* SideMenuOption.swift in Sources */,
				CEC067AC2644BF72007E79A0 /* TipsView.swift in Sources */,
				CEE21674263B92910056DCE9 /* ContentView.swift in Sources */,
				CEE21687263B92F60056DCE9 /* AdBanner.swift in Sources */,
				CEE21672263B92910056DCE9 /* PurpleTeethTimerApp.swift in Sources */,
			);
			runOnlyForDeploymentPostprocessing = 0;
		};
/* End PBXSourcesBuildPhase section */

/* Begin XCBuildConfiguration section */
		CEE2167B263B92920056DCE9 /* Debug */ = {
			isa = XCBuildConfiguration;
			buildSettings = {
				ALWAYS_SEARCH_USER_PATHS = NO;
				CLANG_ANALYZER_NONNULL = YES;
				CLANG_ANALYZER_NUMBER_OBJECT_CONVERSION = YES_AGGRESSIVE;
				CLANG_CXX_LANGUAGE_STANDARD = "gnu++14";
				CLANG_CXX_LIBRARY = "libc++";
				CLANG_ENABLE_MODULES = YES;
				CLANG_ENABLE_OBJC_ARC = YES;
				CLANG_ENABLE_OBJC_WEAK = YES;
				CLANG_WARN_BLOCK_CAPTURE_AUTORELEASING = YES;
				CLANG_WARN_BOOL_CONVERSION = YES;
				CLANG_WARN_COMMA = YES;
				CLANG_WARN_CONSTANT_CONVERSION = YES;
				CLANG_WARN_DEPRECATED_OBJC_IMPLEMENTATIONS = YES;
				CLANG_WARN_DIRECT_OBJC_ISA_USAGE = YES_ERROR;
				CLANG_WARN_DOCUMENTATION_COMMENTS = YES;
				CLANG_WARN_EMPTY_BODY = YES;
				CLANG_WARN_ENUM_CONVERSION = YES;
				CLANG_WARN_INFINITE_RECURSION = YES;
				CLANG_WARN_INT_CONVERSION = YES;
				CLANG_WARN_NON_LITERAL_NULL_CONVERSION = YES;
				CLANG_WARN_OBJC_IMPLICIT_RETAIN_SELF = YES;
				CLANG_WARN_OBJC_LITERAL_CONVERSION = YES;
				CLANG_WARN_OBJC_ROOT_CLASS = YES_ERROR;
				CLANG_WARN_QUOTED_INCLUDE_IN_FRAMEWORK_HEADER = YES;
				CLANG_WARN_RANGE_LOOP_ANALYSIS = YES;
				CLANG_WARN_STRICT_PROTOTYPES = YES;
				CLANG_WARN_SUSPICIOUS_MOVE = YES;
				CLANG_WARN_UNGUARDED_AVAILABILITY = YES_AGGRESSIVE;
				CLANG_WARN_UNREACHABLE_CODE = YES;
				CLANG_WARN__DUPLICATE_METHOD_MATCH = YES;
				COPY_PHASE_STRIP = NO;
				DEBUG_INFORMATION_FORMAT = dwarf;
				ENABLE_STRICT_OBJC_MSGSEND = YES;
				ENABLE_TESTABILITY = YES;
				GCC_C_LANGUAGE_STANDARD = gnu11;
				GCC_DYNAMIC_NO_PIC = NO;
				GCC_NO_COMMON_BLOCKS = YES;
				GCC_OPTIMIZATION_LEVEL = 0;
				GCC_PREPROCESSOR_DEFINITIONS = (
					"DEBUG=1",
					"$(inherited)",
				);
				GCC_WARN_64_TO_32_BIT_CONVERSION = YES;
				GCC_WARN_ABOUT_RETURN_TYPE = YES_ERROR;
				GCC_WARN_UNDECLARED_SELECTOR = YES;
				GCC_WARN_UNINITIALIZED_AUTOS = YES_AGGRESSIVE;
				GCC_WARN_UNUSED_FUNCTION = YES;
				GCC_WARN_UNUSED_VARIABLE = YES;
				IPHONEOS_DEPLOYMENT_TARGET = 14.5;
				MTL_ENABLE_DEBUG_INFO = INCLUDE_SOURCE;
				MTL_FAST_MATH = YES;
				ONLY_ACTIVE_ARCH = YES;
				SDKROOT = iphoneos;
				SWIFT_ACTIVE_COMPILATION_CONDITIONS = DEBUG;
				SWIFT_OPTIMIZATION_LEVEL = "-Onone";
			};
			name = Debug;
		};
		CEE2167C263B92920056DCE9 /* Release */ = {
			isa = XCBuildConfiguration;
			buildSettings = {
				ALWAYS_SEARCH_USER_PATHS = NO;
				CLANG_ANALYZER_NONNULL = YES;
				CLANG_ANALYZER_NUMBER_OBJECT_CONVERSION = YES_AGGRESSIVE;
				CLANG_CXX_LANGUAGE_STANDARD = "gnu++14";
				CLANG_CXX_LIBRARY = "libc++";
				CLANG_ENABLE_MODULES = YES;
				CLANG_ENABLE_OBJC_ARC = YES;
				CLANG_ENABLE_OBJC_WEAK = YES;
				CLANG_WARN_BLOCK_CAPTURE_AUTORELEASING = YES;
				CLANG_WARN_BOOL_CONVERSION = YES;
				CLANG_WARN_COMMA = YES;
				CLANG_WARN_CONSTANT_CONVERSION = YES;
				CLANG_WARN_DEPRECATED_OBJC_IMPLEMENTATIONS = YES;
				CLANG_WARN_DIRECT_OBJC_ISA_USAGE = YES_ERROR;
				CLANG_WARN_DOCUMENTATION_COMMENTS = YES;
				CLANG_WARN_EMPTY_BODY = YES;
				CLANG_WARN_ENUM_CONVERSION = YES;
				CLANG_WARN_INFINITE_RECURSION = YES;
				CLANG_WARN_INT_CONVERSION = YES;
				CLANG_WARN_NON_LITERAL_NULL_CONVERSION = YES;
				CLANG_WARN_OBJC_IMPLICIT_RETAIN_SELF = YES;
				CLANG_WARN_OBJC_LITERAL_CONVERSION = YES;
				CLANG_WARN_OBJC_ROOT_CLASS = YES_ERROR;
				CLANG_WARN_QUOTED_INCLUDE_IN_FRAMEWORK_HEADER = YES;
				CLANG_WARN_RANGE_LOOP_ANALYSIS = YES;
				CLANG_WARN_STRICT_PROTOTYPES = YES;
				CLANG_WARN_SUSPICIOUS_MOVE = YES;
				CLANG_WARN_UNGUARDED_AVAILABILITY = YES_AGGRESSIVE;
				CLANG_WARN_UNREACHABLE_CODE = YES;
				CLANG_WARN__DUPLICATE_METHOD_MATCH = YES;
				COPY_PHASE_STRIP = NO;
				DEBUG_INFORMATION_FORMAT = "dwarf-with-dsym";
				ENABLE_NS_ASSERTIONS = NO;
				ENABLE_STRICT_OBJC_MSGSEND = YES;
				GCC_C_LANGUAGE_STANDARD = gnu11;
				GCC_NO_COMMON_BLOCKS = YES;
				GCC_WARN_64_TO_32_BIT_CONVERSION = YES;
				GCC_WARN_ABOUT_RETURN_TYPE = YES_ERROR;
				GCC_WARN_UNDECLARED_SELECTOR = YES;
				GCC_WARN_UNINITIALIZED_AUTOS = YES_AGGRESSIVE;
				GCC_WARN_UNUSED_FUNCTION = YES;
				GCC_WARN_UNUSED_VARIABLE = YES;
				IPHONEOS_DEPLOYMENT_TARGET = 14.5;
				MTL_ENABLE_DEBUG_INFO = NO;
				MTL_FAST_MATH = YES;
				SDKROOT = iphoneos;
				SWIFT_COMPILATION_MODE = wholemodule;
				SWIFT_OPTIMIZATION_LEVEL = "-O";
				VALIDATE_PRODUCT = YES;
			};
			name = Release;
		};
		CEE2167E263B92920056DCE9 /* Debug */ = {
			isa = XCBuildConfiguration;
			baseConfigurationReference = BC094E48BDBA0071D2C3B44E /* Pods-PurpleTeethTimer.debug.xcconfig */;
			buildSettings = {
				ASSETCATALOG_COMPILER_APPICON_NAME = AppIcon;
				ASSETCATALOG_COMPILER_GLOBAL_ACCENT_COLOR_NAME = AccentColor;
				CODE_SIGN_STYLE = Automatic;
				DEVELOPMENT_ASSET_PATHS = "\"PurpleTeethTimer/Preview Content\"";
				DEVELOPMENT_TEAM = Q39T5PXHPG;
				ENABLE_PREVIEWS = YES;
				INFOPLIST_FILE = PurpleTeethTimer/Info.plist;
				IPHONEOS_DEPLOYMENT_TARGET = 14.0;
				LD_RUNPATH_SEARCH_PATHS = (
					"$(inherited)",
					"@executable_path/Frameworks",
				);
				PRODUCT_BUNDLE_IDENTIFIER = "Jakob-Velle.PurpleTeethTimer";
				PRODUCT_NAME = "$(TARGET_NAME)";
				SWIFT_VERSION = 5.0;
				TARGETED_DEVICE_FAMILY = 1;
			};
			name = Debug;
		};
		CEE2167F263B92920056DCE9 /* Release */ = {
			isa = XCBuildConfiguration;
			baseConfigurationReference = F9AAFA3292E80D727BCF06B1 /* Pods-PurpleTeethTimer.release.xcconfig */;
			buildSettings = {
				ASSETCATALOG_COMPILER_APPICON_NAME = AppIcon;
				ASSETCATALOG_COMPILER_GLOBAL_ACCENT_COLOR_NAME = AccentColor;
				CODE_SIGN_STYLE = Automatic;
				DEVELOPMENT_ASSET_PATHS = "\"PurpleTeethTimer/Preview Content\"";
				DEVELOPMENT_TEAM = Q39T5PXHPG;
				ENABLE_PREVIEWS = YES;
				INFOPLIST_FILE = PurpleTeethTimer/Info.plist;
				IPHONEOS_DEPLOYMENT_TARGET = 14.0;
				LD_RUNPATH_SEARCH_PATHS = (
					"$(inherited)",
					"@executable_path/Frameworks",
				);
				PRODUCT_BUNDLE_IDENTIFIER = "Jakob-Velle.PurpleTeethTimer";
				PRODUCT_NAME = "$(TARGET_NAME)";
				SWIFT_VERSION = 5.0;
				TARGETED_DEVICE_FAMILY = 1;
			};
			name = Release;
		};
/* End XCBuildConfiguration section */

/* Begin XCConfigurationList section */
		CEE21669263B92910056DCE9 /* Build configuration list for PBXProject "PurpleTeethTimer" */ = {
			isa = XCConfigurationList;
			buildConfigurations = (
				CEE2167B263B92920056DCE9 /* Debug */,
				CEE2167C263B92920056DCE9 /* Release */,
			);
			defaultConfigurationIsVisible = 0;
			defaultConfigurationName = Release;
		};
		CEE2167D263B92920056DCE9 /* Build configuration list for PBXNativeTarget "PurpleTeethTimer" */ = {
			isa = XCConfigurationList;
			buildConfigurations = (
				CEE2167E263B92920056DCE9 /* Debug */,
				CEE2167F263B92920056DCE9 /* Release */,
			);
			defaultConfigurationIsVisible = 0;
			defaultConfigurationName = Release;
		};
/* End XCConfigurationList section */
	};
	rootObject = CEE21666263B92910056DCE9 /* Project object */;
}
